{
  "nodes": {
    "nixpkgs": {
      "locked": {
        "lastModified": 1706386369,
        "narHash": "sha256-iL18ktG4tNbJVYaV3h9155N4X5cvfNTgQXhVug1g0yI=",
        "owner": "NixOS",
        "repo": "nixpkgs",
        "rev": "30b34ac00788d0dce98a992b6d92779b9eb6bc19",
        "type": "github"
      },
      "original": {
        "owner": "NixOS",
        "repo": "nixpkgs",
        "type": "github"
      }
    },
    "root": {
      "inputs": {
        "nixpkgs": "nixpkgs"
      }
    }
  },
  "root": "root",
  "version": 7
}
